[[package]]
name = "nearly_eq"
version = "0.2.4"
source = "registry+https://github.com/rust-lang/crates.io-index"

[[package]]
name = "rust-raytracer"
version = "0.1.0"
dependencies = [
 "nearly_eq 0.2.4 (registry+https://github.com/rust-lang/crates.io-index)",
]

[metadata]
"checksum nearly_eq 0.2.4 (registry+https://github.com/rust-lang/crates.io-index)" = "a629868a433328c35d654e1e1fb4648a68a042e3c71de4e507a9bcf4602c5635"
